
Microsoft Visual Studio Solution File, Format Version 12.00
# Visual Studio Version 16
VisualStudioVersion = 16.0.29020.237
MinimumVisualStudioVersion = 10.0.40219.1
Project("{FAE04EC0-301F-11D3-BF4B-00C04F79EFBC}") = "LabRab2", "LabRab2\LabRab2.csproj", "{7D27BD3B-0557-4C25-9BFC-21EC82AE8C5A}"
EndProject
Global
	GlobalSection(SolutionConfigurationPlatforms) = preSolution
		Debug|Any CPU = Debug|Any CPU
		Release|Any CPU = Release|Any CPU
	EndGlobalSection
	GlobalSection(ProjectConfigurationPlatforms) = postSolution
		{7D27BD3B-0557-4C25-9BFC-21EC82AE8C5A}.Debug|Any CPU.ActiveCfg = Debug|Any CPU
		{7D27BD3B-0557-4C25-9BFC-21EC82AE8C5A}.Debug|Any CPU.Build.0 = Debug|Any CPU
		{7D27BD3B-0557-4C25-9BFC-21EC82AE8C5A}.Release|Any CPU.ActiveCfg = Release|Any CPU
		{7D27BD3B-0557-4C25-9BFC-21EC82AE8C5A}.Release|Any CPU.Build.0 = Release|Any CPU
	EndGlobalSection
	GlobalSection(SolutionProperties) = preSolution
		HideSolutionNode = FALSE
	EndGlobalSection
	GlobalSection(ExtensibilityGlobals) = postSolution
		SolutionGuid = {2FEE86A2-F44A-40B9-8613-8062E29A7AC2}
	EndGlobalSection
EndGlobal
