
Microsoft Visual Studio Solution File, Format Version 12.00
# Visual Studio Version 16
VisualStudioVersion = 16.0.29020.237
MinimumVisualStudioVersion = 10.0.40219.1
Project("{FAE04EC0-301F-11D3-BF4B-00C04F79EFBC}") = "LabRab5", "LabRab5\LabRab5.csproj", "{D43C78E2-F062-4111-8325-27AB536C98F6}"
EndProject
Global
	GlobalSection(SolutionConfigurationPlatforms) = preSolution
		Debug|Any CPU = Debug|Any CPU
		Release|Any CPU = Release|Any CPU
	EndGlobalSection
	GlobalSection(ProjectConfigurationPlatforms) = postSolution
		{D43C78E2-F062-4111-8325-27AB536C98F6}.Debug|Any CPU.ActiveCfg = Debug|Any CPU
		{D43C78E2-F062-4111-8325-27AB536C98F6}.Debug|Any CPU.Build.0 = Debug|Any CPU
		{D43C78E2-F062-4111-8325-27AB536C98F6}.Release|Any CPU.ActiveCfg = Release|Any CPU
		{D43C78E2-F062-4111-8325-27AB536C98F6}.Release|Any CPU.Build.0 = Release|Any CPU
	EndGlobalSection
	GlobalSection(SolutionProperties) = preSolution
		HideSolutionNode = FALSE
	EndGlobalSection
	GlobalSection(ExtensibilityGlobals) = postSolution
		SolutionGuid = {CF5FE9A8-7405-4A33-9834-78907EF3547E}
	EndGlobalSection
EndGlobal
