
Microsoft Visual Studio Solution File, Format Version 12.00
# Visual Studio Version 16
VisualStudioVersion = 16.0.29418.71
MinimumVisualStudioVersion = 10.0.40219.1
Project("{FAE04EC0-301F-11D3-BF4B-00C04F79EFBC}") = "LabRab8", "LabRab8\LabRab8.csproj", "{F3E10F10-5663-4060-A11C-DB17C4EF909B}"
EndProject
Global
	GlobalSection(SolutionConfigurationPlatforms) = preSolution
		Debug|Any CPU = Debug|Any CPU
		Release|Any CPU = Release|Any CPU
	EndGlobalSection
	GlobalSection(ProjectConfigurationPlatforms) = postSolution
		{F3E10F10-5663-4060-A11C-DB17C4EF909B}.Debug|Any CPU.ActiveCfg = Debug|Any CPU
		{F3E10F10-5663-4060-A11C-DB17C4EF909B}.Debug|Any CPU.Build.0 = Debug|Any CPU
		{F3E10F10-5663-4060-A11C-DB17C4EF909B}.Release|Any CPU.ActiveCfg = Release|Any CPU
		{F3E10F10-5663-4060-A11C-DB17C4EF909B}.Release|Any CPU.Build.0 = Release|Any CPU
	EndGlobalSection
	GlobalSection(SolutionProperties) = preSolution
		HideSolutionNode = FALSE
	EndGlobalSection
	GlobalSection(ExtensibilityGlobals) = postSolution
		SolutionGuid = {E0B55CA8-6AA6-414D-8B9B-18B8BB963DEB}
	EndGlobalSection
EndGlobal
